
Microsoft Visual Studio Solution File, Format Version 12.00
# Visual Studio 15
VisualStudioVersion = 15.0.27428.2037
MinimumVisualStudioVersion = 10.0.40219.1
Project("{FAE04EC0-301F-11D3-BF4B-00C04F79EFBC}") = "LeanFtTestProject1", "LeanFtTestProject1\LeanFtTestProject1.csproj", "{E11A1B76-33F5-42CF-83FD-18549C1F4143}"
EndProject
Global
	GlobalSection(SolutionConfigurationPlatforms) = preSolution
		Debug|Any CPU = Debug|Any CPU
		Release|Any CPU = Release|Any CPU
	EndGlobalSection
	GlobalSection(ProjectConfigurationPlatforms) = postSolution
		{E11A1B76-33F5-42CF-83FD-18549C1F4143}.Debug|Any CPU.ActiveCfg = Debug|Any CPU
		{E11A1B76-33F5-42CF-83FD-18549C1F4143}.Debug|Any CPU.Build.0 = Debug|Any CPU
		{E11A1B76-33F5-42CF-83FD-18549C1F4143}.Release|Any CPU.ActiveCfg = Release|Any CPU
		{E11A1B76-33F5-42CF-83FD-18549C1F4143}.Release|Any CPU.Build.0 = Release|Any CPU
	EndGlobalSection
	GlobalSection(SolutionProperties) = preSolution
		HideSolutionNode = FALSE
	EndGlobalSection
	GlobalSection(ExtensibilityGlobals) = postSolution
		SolutionGuid = {F13682A4-6B6D-411F-BEEF-B603F4329602}
	EndGlobalSection
EndGlobal
